{
  "nodes": {
    "nixpkgs": {
      "locked": {
        "lastModified": 1722595723,
        "narHash": "sha256-PZe1ftw05n72Z0c+ZiEGLoNT2q8GtbUQPzMd72aeEhs=",
        "owner": "nixos",
        "repo": "nixpkgs",
        "rev": "f35679d2fb9086e1ff014ed222f5161b031bac92",
        "type": "github"
      },
      "original": {
        "owner": "nixos",
        "ref": "release-24.05",
        "repo": "nixpkgs",
        "type": "github"
      }
    },
    "root": {
      "inputs": {
        "nixpkgs": "nixpkgs"
      }
    }
  },
  "root": "root",
  "version": 7
}
